
Microsoft Visual Studio Solution File, Format Version 12.00
# Visual Studio Version 17
VisualStudioVersion = 17.0.31903.59
MinimumVisualStudioVersion = 10.0.40219.1
Project("{FAE04EC0-301F-11D3-BF4B-00C04F79EFBC}") = "Calculator", "Calculator\Calculator.csproj", "{D85874FD-4022-4717-9A98-6BBB95365878}"
EndProject
Project("{FAE04EC0-301F-11D3-BF4B-00C04F79EFBC}") = "Calculator.UnitTest", "Calculator.UnitTest\Calculator.UnitTest.csproj", "{C40D0E36-B1BE-41C6-89D7-907975B84A8B}"
EndProject
Global
	GlobalSection(SolutionConfigurationPlatforms) = preSolution
		Debug|Any CPU = Debug|Any CPU
		Release|Any CPU = Release|Any CPU
	EndGlobalSection
	GlobalSection(SolutionProperties) = preSolution
		HideSolutionNode = FALSE
	EndGlobalSection
	GlobalSection(ProjectConfigurationPlatforms) = postSolution
		{D85874FD-4022-4717-9A98-6BBB95365878}.Debug|Any CPU.ActiveCfg = Debug|Any CPU
		{D85874FD-4022-4717-9A98-6BBB95365878}.Debug|Any CPU.Build.0 = Debug|Any CPU
		{D85874FD-4022-4717-9A98-6BBB95365878}.Release|Any CPU.ActiveCfg = Release|Any CPU
		{D85874FD-4022-4717-9A98-6BBB95365878}.Release|Any CPU.Build.0 = Release|Any CPU
		{C40D0E36-B1BE-41C6-89D7-907975B84A8B}.Debug|Any CPU.ActiveCfg = Debug|Any CPU
		{C40D0E36-B1BE-41C6-89D7-907975B84A8B}.Debug|Any CPU.Build.0 = Debug|Any CPU
		{C40D0E36-B1BE-41C6-89D7-907975B84A8B}.Release|Any CPU.ActiveCfg = Release|Any CPU
		{C40D0E36-B1BE-41C6-89D7-907975B84A8B}.Release|Any CPU.Build.0 = Release|Any CPU
	EndGlobalSection
EndGlobal
